{
  "name": "memlab-node",
  "version": "1.0.0",
  "lockfileVersion": 3,
  "requires": true,
  "packages": {
    "": {
      "name": "memlab-node",
      "version": "1.0.0",
      "dependencies": {
        "express": "^4.21.2"
      },
      "engines": {
        "node": ">=20"
      }
    },
    "node_modules/express": {
      "version": "4.21.2",
      "license": "MIT"
    }
  },
  "dependencies": {
    "express": {
      "version": "4.21.2"
    }
  }
}
